
Microsoft Visual Studio Solution File, Format Version 12.00
# Visual Studio Version 17
VisualStudioVersion = 17.10.35013.160
MinimumVisualStudioVersion = 10.0.40219.1
Project("{9A19103F-16F7-4668-BE54-9A1E7A4F7556}") = "Orion.Models", "Orion.Models\Orion.Models.csproj", "{9522606A-D771-4A09-A81F-80FE0D183BE8}"
EndProject
Project("{9A19103F-16F7-4668-BE54-9A1E7A4F7556}") = "Orion.Configuration", "Orion.Configuration\Orion.Configuration.csproj", "{5D5CB08C-96FF-4310-A587-1B4F9E51B0CA}"
EndProject
Project("{9A19103F-16F7-4668-BE54-9A1E7A4F7556}") = "Orion.Client.Tests", "Orion.Client.Tests\Orion.Client.Tests.csproj", "{467D6CCF-3596-4D8D-9A22-1F81F9626311}"
EndProject
Project("{9A19103F-16F7-4668-BE54-9A1E7A4F7556}") = "Orion.JsonParser.Tests", "Orion.JsonParser.Tests\Orion.JsonParser.Tests.csproj", "{EBAE45D8-A301-42DA-90E7-557A867C30BE}"
EndProject
Project("{9A19103F-16F7-4668-BE54-9A1E7A4F7556}") = "Orion.Client.App", "Orion.Client.App\Orion.Client.App.csproj", "{71726518-E2F1-4CFC-9D40-60A199D39877}"
EndProject
Project("{9A19103F-16F7-4668-BE54-9A1E7A4F7556}") = "Orion.Client", "Orion.Client\Orion.Client.csproj", "{47C1B869-D2BF-4629-81ED-00435C5C9BBC}"
EndProject
Project("{9A19103F-16F7-4668-BE54-9A1E7A4F7556}") = "Orion.Client.Console", "Orion.Client.Console\Orion.Client.Console.csproj", "{7EF68E74-EC60-499B-B0DB-FA42A2150AD2}"
EndProject
Project("{9A19103F-16F7-4668-BE54-9A1E7A4F7556}") = "Orion.Client2", "Orion.Client2.Console\Orion.Client2.csproj", "{58A4EB45-9A1F-4D52-A305-4BE62DC93218}"
EndProject
Project("{9A19103F-16F7-4668-BE54-9A1E7A4F7556}") = "Orion.JsonParser", "Orion.JsonParser\Orion.JsonParser.csproj", "{98A48549-D9A3-41AB-95F4-85473A10473E}"
EndProject
Project("{9A19103F-16F7-4668-BE54-9A1E7A4F7556}") = "Orion.Server", "Orion.Server\Orion.Server.csproj", "{96767995-36E1-407F-8882-C00B5F8FAD98}"
EndProject
Project("{9A19103F-16F7-4668-BE54-9A1E7A4F7556}") = "Orion.Router", "Orion.Router\Orion.Router.csproj", "{255290CD-C942-45BA-8E14-119924BE13C8}"
EndProject
Project("{9A19103F-16F7-4668-BE54-9A1E7A4F7556}") = "Orion.Server.Tests", "Orion.Server.Tests\Orion.Server.Tests.csproj", "{E432162A-2208-438A-8DDF-D38286B8365E}"
EndProject
Project("{9A19103F-16F7-4668-BE54-9A1E7A4F7556}") = "Orion.Cryptography", "Orion.Cryptography\Orion.Cryptography.csproj", "{1E96D6ED-1C51-49FC-B6FC-BF5B05B1D498}"
EndProject
Project("{FAE04EC0-301F-11D3-BF4B-00C04F79EFBC}") = "Orion.Transport", "Orion.Transport\Orion.Transport.csproj", "{84114B60-C99D-4B0F-98B2-BFCE23325095}"
EndProject
Global
	GlobalSection(SolutionConfigurationPlatforms) = preSolution
		Debug|Any CPU = Debug|Any CPU
		Debug|ARM64 = Debug|ARM64
		Debug|x64 = Debug|x64
		Debug|x86 = Debug|x86
		Release|Any CPU = Release|Any CPU
		Release|ARM64 = Release|ARM64
		Release|x64 = Release|x64
		Release|x86 = Release|x86
	EndGlobalSection
	GlobalSection(ProjectConfigurationPlatforms) = postSolution
		{9522606A-D771-4A09-A81F-80FE0D183BE8}.Debug|Any CPU.ActiveCfg = Debug|Any CPU
		{9522606A-D771-4A09-A81F-80FE0D183BE8}.Debug|Any CPU.Build.0 = Debug|Any CPU
		{9522606A-D771-4A09-A81F-80FE0D183BE8}.Debug|ARM64.ActiveCfg = Debug|Any CPU
		{9522606A-D771-4A09-A81F-80FE0D183BE8}.Debug|ARM64.Build.0 = Debug|Any CPU
		{9522606A-D771-4A09-A81F-80FE0D183BE8}.Debug|x64.ActiveCfg = Debug|Any CPU
		{9522606A-D771-4A09-A81F-80FE0D183BE8}.Debug|x64.Build.0 = Debug|Any CPU
		{9522606A-D771-4A09-A81F-80FE0D183BE8}.Debug|x86.ActiveCfg = Debug|Any CPU
		{9522606A-D771-4A09-A81F-80FE0D183BE8}.Debug|x86.Build.0 = Debug|Any CPU
		{9522606A-D771-4A09-A81F-80FE0D183BE8}.Release|Any CPU.ActiveCfg = Release|Any CPU
		{9522606A-D771-4A09-A81F-80FE0D183BE8}.Release|Any CPU.Build.0 = Release|Any CPU
		{9522606A-D771-4A09-A81F-80FE0D183BE8}.Release|ARM64.ActiveCfg = Release|Any CPU
		{9522606A-D771-4A09-A81F-80FE0D183BE8}.Release|ARM64.Build.0 = Release|Any CPU
		{9522606A-D771-4A09-A81F-80FE0D183BE8}.Release|x64.ActiveCfg = Release|Any CPU
		{9522606A-D771-4A09-A81F-80FE0D183BE8}.Release|x64.Build.0 = Release|Any CPU
		{9522606A-D771-4A09-A81F-80FE0D183BE8}.Release|x86.ActiveCfg = Release|Any CPU
		{9522606A-D771-4A09-A81F-80FE0D183BE8}.Release|x86.Build.0 = Release|Any CPU
		{5D5CB08C-96FF-4310-A587-1B4F9E51B0CA}.Debug|Any CPU.ActiveCfg = Debug|Any CPU
		{5D5CB08C-96FF-4310-A587-1B4F9E51B0CA}.Debug|Any CPU.Build.0 = Debug|Any CPU
		{5D5CB08C-96FF-4310-A587-1B4F9E51B0CA}.Debug|ARM64.ActiveCfg = Debug|Any CPU
		{5D5CB08C-96FF-4310-A587-1B4F9E51B0CA}.Debug|ARM64.Build.0 = Debug|Any CPU
		{5D5CB08C-96FF-4310-A587-1B4F9E51B0CA}.Debug|x64.ActiveCfg = Debug|Any CPU
		{5D5CB08C-96FF-4310-A587-1B4F9E51B0CA}.Debug|x64.Build.0 = Debug|Any CPU
		{5D5CB08C-96FF-4310-A587-1B4F9E51B0CA}.Debug|x86.ActiveCfg = Debug|Any CPU
		{5D5CB08C-96FF-4310-A587-1B4F9E51B0CA}.Debug|x86.Build.0 = Debug|Any CPU
		{5D5CB08C-96FF-4310-A587-1B4F9E51B0CA}.Release|Any CPU.ActiveCfg = Release|Any CPU
		{5D5CB08C-96FF-4310-A587-1B4F9E51B0CA}.Release|Any CPU.Build.0 = Release|Any CPU
		{5D5CB08C-96FF-4310-A587-1B4F9E51B0CA}.Release|ARM64.ActiveCfg = Release|Any CPU
		{5D5CB08C-96FF-4310-A587-1B4F9E51B0CA}.Release|ARM64.Build.0 = Release|Any CPU
		{5D5CB08C-96FF-4310-A587-1B4F9E51B0CA}.Release|x64.ActiveCfg = Release|Any CPU
		{5D5CB08C-96FF-4310-A587-1B4F9E51B0CA}.Release|x64.Build.0 = Release|Any CPU
		{5D5CB08C-96FF-4310-A587-1B4F9E51B0CA}.Release|x86.ActiveCfg = Release|Any CPU
		{5D5CB08C-96FF-4310-A587-1B4F9E51B0CA}.Release|x86.Build.0 = Release|Any CPU
		{467D6CCF-3596-4D8D-9A22-1F81F9626311}.Debug|Any CPU.ActiveCfg = Debug|Any CPU
		{467D6CCF-3596-4D8D-9A22-1F81F9626311}.Debug|Any CPU.Build.0 = Debug|Any CPU
		{467D6CCF-3596-4D8D-9A22-1F81F9626311}.Debug|ARM64.ActiveCfg = Debug|Any CPU
		{467D6CCF-3596-4D8D-9A22-1F81F9626311}.Debug|ARM64.Build.0 = Debug|Any CPU
		{467D6CCF-3596-4D8D-9A22-1F81F9626311}.Debug|x64.ActiveCfg = Debug|Any CPU
		{467D6CCF-3596-4D8D-9A22-1F81F9626311}.Debug|x64.Build.0 = Debug|Any CPU
		{467D6CCF-3596-4D8D-9A22-1F81F9626311}.Debug|x86.ActiveCfg = Debug|Any CPU
		{467D6CCF-3596-4D8D-9A22-1F81F9626311}.Debug|x86.Build.0 = Debug|Any CPU
		{467D6CCF-3596-4D8D-9A22-1F81F9626311}.Release|Any CPU.ActiveCfg = Release|Any CPU
		{467D6CCF-3596-4D8D-9A22-1F81F9626311}.Release|Any CPU.Build.0 = Release|Any CPU
		{467D6CCF-3596-4D8D-9A22-1F81F9626311}.Release|ARM64.ActiveCfg = Release|Any CPU
		{467D6CCF-3596-4D8D-9A22-1F81F9626311}.Release|ARM64.Build.0 = Release|Any CPU
		{467D6CCF-3596-4D8D-9A22-1F81F9626311}.Release|x64.ActiveCfg = Release|Any CPU
		{467D6CCF-3596-4D8D-9A22-1F81F9626311}.Release|x64.Build.0 = Release|Any CPU
		{467D6CCF-3596-4D8D-9A22-1F81F9626311}.Release|x86.ActiveCfg = Release|Any CPU
		{467D6CCF-3596-4D8D-9A22-1F81F9626311}.Release|x86.Build.0 = Release|Any CPU
		{EBAE45D8-A301-42DA-90E7-557A867C30BE}.Debug|Any CPU.ActiveCfg = Debug|Any CPU
		{EBAE45D8-A301-42DA-90E7-557A867C30BE}.Debug|Any CPU.Build.0 = Debug|Any CPU
		{EBAE45D8-A301-42DA-90E7-557A867C30BE}.Debug|ARM64.ActiveCfg = Debug|Any CPU
		{EBAE45D8-A301-42DA-90E7-557A867C30BE}.Debug|ARM64.Build.0 = Debug|Any CPU
		{EBAE45D8-A301-42DA-90E7-557A867C30BE}.Debug|x64.ActiveCfg = Debug|Any CPU
		{EBAE45D8-A301-42DA-90E7-557A867C30BE}.Debug|x64.Build.0 = Debug|Any CPU
		{EBAE45D8-A301-42DA-90E7-557A867C30BE}.Debug|x86.ActiveCfg = Debug|Any CPU
		{EBAE45D8-A301-42DA-90E7-557A867C30BE}.Debug|x86.Build.0 = Debug|Any CPU
		{EBAE45D8-A301-42DA-90E7-557A867C30BE}.Release|Any CPU.ActiveCfg = Release|Any CPU
		{EBAE45D8-A301-42DA-90E7-557A867C30BE}.Release|Any CPU.Build.0 = Release|Any CPU
		{EBAE45D8-A301-42DA-90E7-557A867C30BE}.Release|ARM64.ActiveCfg = Release|Any CPU
		{EBAE45D8-A301-42DA-90E7-557A867C30BE}.Release|ARM64.Build.0 = Release|Any CPU
		{EBAE45D8-A301-42DA-90E7-557A867C30BE}.Release|x64.ActiveCfg = Release|Any CPU
		{EBAE45D8-A301-42DA-90E7-557A867C30BE}.Release|x64.Build.0 = Release|Any CPU
		{EBAE45D8-A301-42DA-90E7-557A867C30BE}.Release|x86.ActiveCfg = Release|Any CPU
		{EBAE45D8-A301-42DA-90E7-557A867C30BE}.Release|x86.Build.0 = Release|Any CPU
		{71726518-E2F1-4CFC-9D40-60A199D39877}.Debug|Any CPU.ActiveCfg = Debug|x64
		{71726518-E2F1-4CFC-9D40-60A199D39877}.Debug|Any CPU.Build.0 = Debug|x64
		{71726518-E2F1-4CFC-9D40-60A199D39877}.Debug|Any CPU.Deploy.0 = Debug|x64
		{71726518-E2F1-4CFC-9D40-60A199D39877}.Debug|ARM64.ActiveCfg = Debug|ARM64
		{71726518-E2F1-4CFC-9D40-60A199D39877}.Debug|ARM64.Build.0 = Debug|ARM64
		{71726518-E2F1-4CFC-9D40-60A199D39877}.Debug|ARM64.Deploy.0 = Debug|ARM64
		{71726518-E2F1-4CFC-9D40-60A199D39877}.Debug|x64.ActiveCfg = Debug|x64
		{71726518-E2F1-4CFC-9D40-60A199D39877}.Debug|x64.Build.0 = Debug|x64
		{71726518-E2F1-4CFC-9D40-60A199D39877}.Debug|x64.Deploy.0 = Debug|x64
		{71726518-E2F1-4CFC-9D40-60A199D39877}.Debug|x86.ActiveCfg = Debug|x86
		{71726518-E2F1-4CFC-9D40-60A199D39877}.Debug|x86.Build.0 = Debug|x86
		{71726518-E2F1-4CFC-9D40-60A199D39877}.Debug|x86.Deploy.0 = Debug|x86
		{71726518-E2F1-4CFC-9D40-60A199D39877}.Release|Any CPU.ActiveCfg = Release|x64
		{71726518-E2F1-4CFC-9D40-60A199D39877}.Release|Any CPU.Build.0 = Release|x64
		{71726518-E2F1-4CFC-9D40-60A199D39877}.Release|Any CPU.Deploy.0 = Release|x64
		{71726518-E2F1-4CFC-9D40-60A199D39877}.Release|ARM64.ActiveCfg = Release|ARM64
		{71726518-E2F1-4CFC-9D40-60A199D39877}.Release|ARM64.Build.0 = Release|ARM64
		{71726518-E2F1-4CFC-9D40-60A199D39877}.Release|ARM64.Deploy.0 = Release|ARM64
		{71726518-E2F1-4CFC-9D40-60A199D39877}.Release|x64.ActiveCfg = Release|x64
		{71726518-E2F1-4CFC-9D40-60A199D39877}.Release|x64.Build.0 = Release|x64
		{71726518-E2F1-4CFC-9D40-60A199D39877}.Release|x64.Deploy.0 = Release|x64
		{71726518-E2F1-4CFC-9D40-60A199D39877}.Release|x86.ActiveCfg = Release|x86
		{71726518-E2F1-4CFC-9D40-60A199D39877}.Release|x86.Build.0 = Release|x86
		{71726518-E2F1-4CFC-9D40-60A199D39877}.Release|x86.Deploy.0 = Release|x86
		{47C1B869-D2BF-4629-81ED-00435C5C9BBC}.Debug|Any CPU.ActiveCfg = Debug|Any CPU
		{47C1B869-D2BF-4629-81ED-00435C5C9BBC}.Debug|Any CPU.Build.0 = Debug|Any CPU
		{47C1B869-D2BF-4629-81ED-00435C5C9BBC}.Debug|ARM64.ActiveCfg = Debug|Any CPU
		{47C1B869-D2BF-4629-81ED-00435C5C9BBC}.Debug|ARM64.Build.0 = Debug|Any CPU
		{47C1B869-D2BF-4629-81ED-00435C5C9BBC}.Debug|x64.ActiveCfg = Debug|Any CPU
		{47C1B869-D2BF-4629-81ED-00435C5C9BBC}.Debug|x64.Build.0 = Debug|Any CPU
		{47C1B869-D2BF-4629-81ED-00435C5C9BBC}.Debug|x86.ActiveCfg = Debug|Any CPU
		{47C1B869-D2BF-4629-81ED-00435C5C9BBC}.Debug|x86.Build.0 = Debug|Any CPU
		{47C1B869-D2BF-4629-81ED-00435C5C9BBC}.Release|Any CPU.ActiveCfg = Release|Any CPU
		{47C1B869-D2BF-4629-81ED-00435C5C9BBC}.Release|Any CPU.Build.0 = Release|Any CPU
		{47C1B869-D2BF-4629-81ED-00435C5C9BBC}.Release|ARM64.ActiveCfg = Release|Any CPU
		{47C1B869-D2BF-4629-81ED-00435C5C9BBC}.Release|ARM64.Build.0 = Release|Any CPU
		{47C1B869-D2BF-4629-81ED-00435C5C9BBC}.Release|x64.ActiveCfg = Release|Any CPU
		{47C1B869-D2BF-4629-81ED-00435C5C9BBC}.Release|x64.Build.0 = Release|Any CPU
		{47C1B869-D2BF-4629-81ED-00435C5C9BBC}.Release|x86.ActiveCfg = Release|Any CPU
		{47C1B869-D2BF-4629-81ED-00435C5C9BBC}.Release|x86.Build.0 = Release|Any CPU
		{7EF68E74-EC60-499B-B0DB-FA42A2150AD2}.Debug|Any CPU.ActiveCfg = Debug|Any CPU
		{7EF68E74-EC60-499B-B0DB-FA42A2150AD2}.Debug|Any CPU.Build.0 = Debug|Any CPU
		{7EF68E74-EC60-499B-B0DB-FA42A2150AD2}.Debug|ARM64.ActiveCfg = Debug|Any CPU
		{7EF68E74-EC60-499B-B0DB-FA42A2150AD2}.Debug|ARM64.Build.0 = Debug|Any CPU
		{7EF68E74-EC60-499B-B0DB-FA42A2150AD2}.Debug|x64.ActiveCfg = Debug|Any CPU
		{7EF68E74-EC60-499B-B0DB-FA42A2150AD2}.Debug|x64.Build.0 = Debug|Any CPU
		{7EF68E74-EC60-499B-B0DB-FA42A2150AD2}.Debug|x86.ActiveCfg = Debug|Any CPU
		{7EF68E74-EC60-499B-B0DB-FA42A2150AD2}.Debug|x86.Build.0 = Debug|Any CPU
		{7EF68E74-EC60-499B-B0DB-FA42A2150AD2}.Release|Any CPU.ActiveCfg = Release|Any CPU
		{7EF68E74-EC60-499B-B0DB-FA42A2150AD2}.Release|Any CPU.Build.0 = Release|Any CPU
		{7EF68E74-EC60-499B-B0DB-FA42A2150AD2}.Release|ARM64.ActiveCfg = Release|Any CPU
		{7EF68E74-EC60-499B-B0DB-FA42A2150AD2}.Release|ARM64.Build.0 = Release|Any CPU
		{7EF68E74-EC60-499B-B0DB-FA42A2150AD2}.Release|x64.ActiveCfg = Release|Any CPU
		{7EF68E74-EC60-499B-B0DB-FA42A2150AD2}.Release|x64.Build.0 = Release|Any CPU
		{7EF68E74-EC60-499B-B0DB-FA42A2150AD2}.Release|x86.ActiveCfg = Release|Any CPU
		{7EF68E74-EC60-499B-B0DB-FA42A2150AD2}.Release|x86.Build.0 = Release|Any CPU
		{58A4EB45-9A1F-4D52-A305-4BE62DC93218}.Debug|Any CPU.ActiveCfg = Debug|Any CPU
		{58A4EB45-9A1F-4D52-A305-4BE62DC93218}.Debug|Any CPU.Build.0 = Debug|Any CPU
		{58A4EB45-9A1F-4D52-A305-4BE62DC93218}.Debug|ARM64.ActiveCfg = Debug|Any CPU
		{58A4EB45-9A1F-4D52-A305-4BE62DC93218}.Debug|ARM64.Build.0 = Debug|Any CPU
		{58A4EB45-9A1F-4D52-A305-4BE62DC93218}.Debug|x64.ActiveCfg = Debug|Any CPU
		{58A4EB45-9A1F-4D52-A305-4BE62DC93218}.Debug|x64.Build.0 = Debug|Any CPU
		{58A4EB45-9A1F-4D52-A305-4BE62DC93218}.Debug|x86.ActiveCfg = Debug|Any CPU
		{58A4EB45-9A1F-4D52-A305-4BE62DC93218}.Debug|x86.Build.0 = Debug|Any CPU
		{58A4EB45-9A1F-4D52-A305-4BE62DC93218}.Release|Any CPU.ActiveCfg = Release|Any CPU
		{58A4EB45-9A1F-4D52-A305-4BE62DC93218}.Release|Any CPU.Build.0 = Release|Any CPU
		{58A4EB45-9A1F-4D52-A305-4BE62DC93218}.Release|ARM64.ActiveCfg = Release|Any CPU
		{58A4EB45-9A1F-4D52-A305-4BE62DC93218}.Release|ARM64.Build.0 = Release|Any CPU
		{58A4EB45-9A1F-4D52-A305-4BE62DC93218}.Release|x64.ActiveCfg = Release|Any CPU
		{58A4EB45-9A1F-4D52-A305-4BE62DC93218}.Release|x64.Build.0 = Release|Any CPU
		{58A4EB45-9A1F-4D52-A305-4BE62DC93218}.Release|x86.ActiveCfg = Release|Any CPU
		{58A4EB45-9A1F-4D52-A305-4BE62DC93218}.Release|x86.Build.0 = Release|Any CPU
		{98A48549-D9A3-41AB-95F4-85473A10473E}.Debug|Any CPU.ActiveCfg = Debug|Any CPU
		{98A48549-D9A3-41AB-95F4-85473A10473E}.Debug|Any CPU.Build.0 = Debug|Any CPU
		{98A48549-D9A3-41AB-95F4-85473A10473E}.Debug|ARM64.ActiveCfg = Debug|Any CPU
		{98A48549-D9A3-41AB-95F4-85473A10473E}.Debug|ARM64.Build.0 = Debug|Any CPU
		{98A48549-D9A3-41AB-95F4-85473A10473E}.Debug|x64.ActiveCfg = Debug|Any CPU
		{98A48549-D9A3-41AB-95F4-85473A10473E}.Debug|x64.Build.0 = Debug|Any CPU
		{98A48549-D9A3-41AB-95F4-85473A10473E}.Debug|x86.ActiveCfg = Debug|Any CPU
		{98A48549-D9A3-41AB-95F4-85473A10473E}.Debug|x86.Build.0 = Debug|Any CPU
		{98A48549-D9A3-41AB-95F4-85473A10473E}.Release|Any CPU.ActiveCfg = Release|Any CPU
		{98A48549-D9A3-41AB-95F4-85473A10473E}.Release|Any CPU.Build.0 = Release|Any CPU
		{98A48549-D9A3-41AB-95F4-85473A10473E}.Release|ARM64.ActiveCfg = Release|Any CPU
		{98A48549-D9A3-41AB-95F4-85473A10473E}.Release|ARM64.Build.0 = Release|Any CPU
		{98A48549-D9A3-41AB-95F4-85473A10473E}.Release|x64.ActiveCfg = Release|Any CPU
		{98A48549-D9A3-41AB-95F4-85473A10473E}.Release|x64.Build.0 = Release|Any CPU
		{98A48549-D9A3-41AB-95F4-85473A10473E}.Release|x86.ActiveCfg = Release|Any CPU
		{98A48549-D9A3-41AB-95F4-85473A10473E}.Release|x86.Build.0 = Release|Any CPU
		{96767995-36E1-407F-8882-C00B5F8FAD98}.Debug|Any CPU.ActiveCfg = Debug|Any CPU
		{96767995-36E1-407F-8882-C00B5F8FAD98}.Debug|Any CPU.Build.0 = Debug|Any CPU
		{96767995-36E1-407F-8882-C00B5F8FAD98}.Debug|ARM64.ActiveCfg = Debug|Any CPU
		{96767995-36E1-407F-8882-C00B5F8FAD98}.Debug|ARM64.Build.0 = Debug|Any CPU
		{96767995-36E1-407F-8882-C00B5F8FAD98}.Debug|x64.ActiveCfg = Debug|Any CPU
		{96767995-36E1-407F-8882-C00B5F8FAD98}.Debug|x64.Build.0 = Debug|Any CPU
		{96767995-36E1-407F-8882-C00B5F8FAD98}.Debug|x86.ActiveCfg = Debug|Any CPU
		{96767995-36E1-407F-8882-C00B5F8FAD98}.Debug|x86.Build.0 = Debug|Any CPU
		{96767995-36E1-407F-8882-C00B5F8FAD98}.Release|Any CPU.ActiveCfg = Release|Any CPU
		{96767995-36E1-407F-8882-C00B5F8FAD98}.Release|Any CPU.Build.0 = Release|Any CPU
		{96767995-36E1-407F-8882-C00B5F8FAD98}.Release|ARM64.ActiveCfg = Release|Any CPU
		{96767995-36E1-407F-8882-C00B5F8FAD98}.Release|ARM64.Build.0 = Release|Any CPU
		{96767995-36E1-407F-8882-C00B5F8FAD98}.Release|x64.ActiveCfg = Release|Any CPU
		{96767995-36E1-407F-8882-C00B5F8FAD98}.Release|x64.Build.0 = Release|Any CPU
		{96767995-36E1-407F-8882-C00B5F8FAD98}.Release|x86.ActiveCfg = Release|Any CPU
		{96767995-36E1-407F-8882-C00B5F8FAD98}.Release|x86.Build.0 = Release|Any CPU
		{255290CD-C942-45BA-8E14-119924BE13C8}.Debug|Any CPU.ActiveCfg = Debug|Any CPU
		{255290CD-C942-45BA-8E14-119924BE13C8}.Debug|Any CPU.Build.0 = Debug|Any CPU
		{255290CD-C942-45BA-8E14-119924BE13C8}.Debug|ARM64.ActiveCfg = Debug|Any CPU
		{255290CD-C942-45BA-8E14-119924BE13C8}.Debug|ARM64.Build.0 = Debug|Any CPU
		{255290CD-C942-45BA-8E14-119924BE13C8}.Debug|x64.ActiveCfg = Debug|Any CPU
		{255290CD-C942-45BA-8E14-119924BE13C8}.Debug|x64.Build.0 = Debug|Any CPU
		{255290CD-C942-45BA-8E14-119924BE13C8}.Debug|x86.ActiveCfg = Debug|Any CPU
		{255290CD-C942-45BA-8E14-119924BE13C8}.Debug|x86.Build.0 = Debug|Any CPU
		{255290CD-C942-45BA-8E14-119924BE13C8}.Release|Any CPU.ActiveCfg = Release|Any CPU
		{255290CD-C942-45BA-8E14-119924BE13C8}.Release|Any CPU.Build.0 = Release|Any CPU
		{255290CD-C942-45BA-8E14-119924BE13C8}.Release|ARM64.ActiveCfg = Release|Any CPU
		{255290CD-C942-45BA-8E14-119924BE13C8}.Release|ARM64.Build.0 = Release|Any CPU
		{255290CD-C942-45BA-8E14-119924BE13C8}.Release|x64.ActiveCfg = Release|Any CPU
		{255290CD-C942-45BA-8E14-119924BE13C8}.Release|x64.Build.0 = Release|Any CPU
		{255290CD-C942-45BA-8E14-119924BE13C8}.Release|x86.ActiveCfg = Release|Any CPU
		{255290CD-C942-45BA-8E14-119924BE13C8}.Release|x86.Build.0 = Release|Any CPU
		{E432162A-2208-438A-8DDF-D38286B8365E}.Debug|Any CPU.ActiveCfg = Debug|Any CPU
		{E432162A-2208-438A-8DDF-D38286B8365E}.Debug|Any CPU.Build.0 = Debug|Any CPU
		{E432162A-2208-438A-8DDF-D38286B8365E}.Debug|ARM64.ActiveCfg = Debug|Any CPU
		{E432162A-2208-438A-8DDF-D38286B8365E}.Debug|ARM64.Build.0 = Debug|Any CPU
		{E432162A-2208-438A-8DDF-D38286B8365E}.Debug|x64.ActiveCfg = Debug|Any CPU
		{E432162A-2208-438A-8DDF-D38286B8365E}.Debug|x64.Build.0 = Debug|Any CPU
		{E432162A-2208-438A-8DDF-D38286B8365E}.Debug|x86.ActiveCfg = Debug|Any CPU
		{E432162A-2208-438A-8DDF-D38286B8365E}.Debug|x86.Build.0 = Debug|Any CPU
		{E432162A-2208-438A-8DDF-D38286B8365E}.Release|Any CPU.ActiveCfg = Release|Any CPU
		{E432162A-2208-438A-8DDF-D38286B8365E}.Release|Any CPU.Build.0 = Release|Any CPU
		{E432162A-2208-438A-8DDF-D38286B8365E}.Release|ARM64.ActiveCfg = Release|Any CPU
		{E432162A-2208-438A-8DDF-D38286B8365E}.Release|ARM64.Build.0 = Release|Any CPU
		{E432162A-2208-438A-8DDF-D38286B8365E}.Release|x64.ActiveCfg = Release|Any CPU
		{E432162A-2208-438A-8DDF-D38286B8365E}.Release|x64.Build.0 = Release|Any CPU
		{E432162A-2208-438A-8DDF-D38286B8365E}.Release|x86.ActiveCfg = Release|Any CPU
		{E432162A-2208-438A-8DDF-D38286B8365E}.Release|x86.Build.0 = Release|Any CPU
		{1E96D6ED-1C51-49FC-B6FC-BF5B05B1D498}.Debug|Any CPU.ActiveCfg = Debug|Any CPU
		{1E96D6ED-1C51-49FC-B6FC-BF5B05B1D498}.Debug|Any CPU.Build.0 = Debug|Any CPU
		{1E96D6ED-1C51-49FC-B6FC-BF5B05B1D498}.Debug|ARM64.ActiveCfg = Debug|Any CPU
		{1E96D6ED-1C51-49FC-B6FC-BF5B05B1D498}.Debug|ARM64.Build.0 = Debug|Any CPU
		{1E96D6ED-1C51-49FC-B6FC-BF5B05B1D498}.Debug|x64.ActiveCfg = Debug|Any CPU
		{1E96D6ED-1C51-49FC-B6FC-BF5B05B1D498}.Debug|x64.Build.0 = Debug|Any CPU
		{1E96D6ED-1C51-49FC-B6FC-BF5B05B1D498}.Debug|x86.ActiveCfg = Debug|Any CPU
		{1E96D6ED-1C51-49FC-B6FC-BF5B05B1D498}.Debug|x86.Build.0 = Debug|Any CPU
		{1E96D6ED-1C51-49FC-B6FC-BF5B05B1D498}.Release|Any CPU.ActiveCfg = Release|Any CPU
		{1E96D6ED-1C51-49FC-B6FC-BF5B05B1D498}.Release|Any CPU.Build.0 = Release|Any CPU
		{1E96D6ED-1C51-49FC-B6FC-BF5B05B1D498}.Release|ARM64.ActiveCfg = Release|Any CPU
		{1E96D6ED-1C51-49FC-B6FC-BF5B05B1D498}.Release|ARM64.Build.0 = Release|Any CPU
		{1E96D6ED-1C51-49FC-B6FC-BF5B05B1D498}.Release|x64.ActiveCfg = Release|Any CPU
		{1E96D6ED-1C51-49FC-B6FC-BF5B05B1D498}.Release|x64.Build.0 = Release|Any CPU
		{1E96D6ED-1C51-49FC-B6FC-BF5B05B1D498}.Release|x86.ActiveCfg = Release|Any CPU
		{1E96D6ED-1C51-49FC-B6FC-BF5B05B1D498}.Release|x86.Build.0 = Release|Any CPU
		{84114B60-C99D-4B0F-98B2-BFCE23325095}.Debug|Any CPU.ActiveCfg = Debug|Any CPU
		{84114B60-C99D-4B0F-98B2-BFCE23325095}.Debug|Any CPU.Build.0 = Debug|Any CPU
		{84114B60-C99D-4B0F-98B2-BFCE23325095}.Debug|ARM64.ActiveCfg = Debug|Any CPU
		{84114B60-C99D-4B0F-98B2-BFCE23325095}.Debug|ARM64.Build.0 = Debug|Any CPU
		{84114B60-C99D-4B0F-98B2-BFCE23325095}.Debug|x64.ActiveCfg = Debug|Any CPU
		{84114B60-C99D-4B0F-98B2-BFCE23325095}.Debug|x64.Build.0 = Debug|Any CPU
		{84114B60-C99D-4B0F-98B2-BFCE23325095}.Debug|x86.ActiveCfg = Debug|Any CPU
		{84114B60-C99D-4B0F-98B2-BFCE23325095}.Debug|x86.Build.0 = Debug|Any CPU
		{84114B60-C99D-4B0F-98B2-BFCE23325095}.Release|Any CPU.ActiveCfg = Release|Any CPU
		{84114B60-C99D-4B0F-98B2-BFCE23325095}.Release|Any CPU.Build.0 = Release|Any CPU
		{84114B60-C99D-4B0F-98B2-BFCE23325095}.Release|ARM64.ActiveCfg = Release|Any CPU
		{84114B60-C99D-4B0F-98B2-BFCE23325095}.Release|ARM64.Build.0 = Release|Any CPU
		{84114B60-C99D-4B0F-98B2-BFCE23325095}.Release|x64.ActiveCfg = Release|Any CPU
		{84114B60-C99D-4B0F-98B2-BFCE23325095}.Release|x64.Build.0 = Release|Any CPU
		{84114B60-C99D-4B0F-98B2-BFCE23325095}.Release|x86.ActiveCfg = Release|Any CPU
		{84114B60-C99D-4B0F-98B2-BFCE23325095}.Release|x86.Build.0 = Release|Any CPU
	EndGlobalSection
	GlobalSection(SolutionProperties) = preSolution
		HideSolutionNode = FALSE
	EndGlobalSection
	GlobalSection(ExtensibilityGlobals) = postSolution
		SolutionGuid = {B3720A83-CC82-48B7-8B8D-F10895347F81}
	EndGlobalSection
EndGlobal
